
Microsoft Visual Studio Solution File, Format Version 12.00
# Visual Studio Version 16
VisualStudioVersion = 16.0.31702.278
MinimumVisualStudioVersion = 10.0.40219.1
Project("{FAE04EC0-301F-11D3-BF4B-00C04F79EFBC}") = "Zad1", "Zad1\Zad1.csproj", "{945E4BBA-1DCF-4D6E-9CF7-821D463BF7BA}"
EndProject
Global
	GlobalSection(SolutionConfigurationPlatforms) = preSolution
		Debug|Any CPU = Debug|Any CPU
		Release|Any CPU = Release|Any CPU
	EndGlobalSection
	GlobalSection(ProjectConfigurationPlatforms) = postSolution
		{945E4BBA-1DCF-4D6E-9CF7-821D463BF7BA}.Debug|Any CPU.ActiveCfg = Debug|Any CPU
		{945E4BBA-1DCF-4D6E-9CF7-821D463BF7BA}.Debug|Any CPU.Build.0 = Debug|Any CPU
		{945E4BBA-1DCF-4D6E-9CF7-821D463BF7BA}.Release|Any CPU.ActiveCfg = Release|Any CPU
		{945E4BBA-1DCF-4D6E-9CF7-821D463BF7BA}.Release|Any CPU.Build.0 = Release|Any CPU
	EndGlobalSection
	GlobalSection(SolutionProperties) = preSolution
		HideSolutionNode = FALSE
	EndGlobalSection
	GlobalSection(ExtensibilityGlobals) = postSolution
		SolutionGuid = {2C0806CC-54DF-46A7-A8E2-1088FE434F1F}
	EndGlobalSection
EndGlobal
